{
  "name": "prodive",
  "requires": true,
  "lockfileVersion": 1,
  "dependencies": {
    "bootstrap": {
      "version": "4.6.0"
    },
    "cropit": {
      "version": "0.5.1",
      "resolved": "https://registry.npmjs.org/cropit/-/cropit-0.5.1.tgz",
      "integrity": "sha1-w6ImPY6tRVEHEYVL8jYTuq6AmAU=",
      "requires": {
        "jquery": ">=1.9"
      },
      "dependencies": {
        "jquery": {
          "version": "3.6.0",
          "resolved": "https://registry.npmjs.org/jquery/-/jquery-3.6.0.tgz",
          "integrity": "sha512-JVzAR/AjBvVt2BmYhxRCSYysDsPcssdmTFnzyLEts9qNwmjmu4JTAMYubEfwVOSwpQ1I1sKKFcxhZCI2buerfw=="
        }
      }
    }
  }
}
